
Microsoft Visual Studio Solution File, Format Version 12.00
# Visual Studio Version 17
VisualStudioVersion = 17.2.32630.192
MinimumVisualStudioVersion = 10.0.40219.1
Project("{2150E333-8FDC-42A3-9474-1A3956D46DE8}") = "Level 0", "Level 0", "{1A8EDF18-8DE8-4BF4-B564-B0C9DDBF4550}"
EndProject
Project("{2150E333-8FDC-42A3-9474-1A3956D46DE8}") = "Level 1", "Level 1", "{E462CE86-4D86-4347-A177-863BADC485D2}"
EndProject
Project("{2150E333-8FDC-42A3-9474-1A3956D46DE8}") = "Level 2", "Level 2", "{2D4E88B0-73FE-4E21-9D46-A41754300855}"
EndProject
Project("{2150E333-8FDC-42A3-9474-1A3956D46DE8}") = "Level 3", "Level 3", "{7DDEDA6C-3C1B-4DEE-890A-835A7DEA6497}"
EndProject
Project("{8BC9CEB8-8B4A-11D0-8D11-00A0C91BC942}") = "GameEngineBase", "GameEngineBase\GameEngineBase.vcxproj", "{D37E7968-A489-4BCB-804C-3D3D2ADC1BBF}"
EndProject
Project("{8BC9CEB8-8B4A-11D0-8D11-00A0C91BC942}") = "GameEngineCore", "GameEngineCore\GameEngineCore.vcxproj", "{35526073-DD3A-4871-B88B-30F387BDDD04}"
	ProjectSection(ProjectDependencies) = postProject
		{D37E7968-A489-4BCB-804C-3D3D2ADC1BBF} = {D37E7968-A489-4BCB-804C-3D3D2ADC1BBF}
	EndProjectSection
EndProject
Project("{8BC9CEB8-8B4A-11D0-8D11-00A0C91BC942}") = "GameEngineContents", "GameEngineContents\GameEngineContents.vcxproj", "{2416C686-AA0F-4113-BCFB-76663A548666}"
	ProjectSection(ProjectDependencies) = postProject
		{35526073-DD3A-4871-B88B-30F387BDDD04} = {35526073-DD3A-4871-B88B-30F387BDDD04}
		{D37E7968-A489-4BCB-804C-3D3D2ADC1BBF} = {D37E7968-A489-4BCB-804C-3D3D2ADC1BBF}
	EndProjectSection
EndProject
Project("{8BC9CEB8-8B4A-11D0-8D11-00A0C91BC942}") = "GameEngineApp", "GameEngineApp\GameEngineApp.vcxproj", "{6339790B-6548-4B63-A608-4CEB70B6EB7C}"
	ProjectSection(ProjectDependencies) = postProject
		{2416C686-AA0F-4113-BCFB-76663A548666} = {2416C686-AA0F-4113-BCFB-76663A548666}
		{35526073-DD3A-4871-B88B-30F387BDDD04} = {35526073-DD3A-4871-B88B-30F387BDDD04}
		{D37E7968-A489-4BCB-804C-3D3D2ADC1BBF} = {D37E7968-A489-4BCB-804C-3D3D2ADC1BBF}
	EndProjectSection
EndProject
Project("{8BC9CEB8-8B4A-11D0-8D11-00A0C91BC942}") = "GameEngineShader", "GameEngineResource\Shader\GameEngineShader.vcxproj", "{18CE4422-62B0-4C4D-AA94-7977D9F7331B}"
EndProject
Global
	GlobalSection(SolutionConfigurationPlatforms) = preSolution
		Debug|x64 = Debug|x64
		Debug|x86 = Debug|x86
		Release|x64 = Release|x64
		Release|x86 = Release|x86
	EndGlobalSection
	GlobalSection(ProjectConfigurationPlatforms) = postSolution
		{D37E7968-A489-4BCB-804C-3D3D2ADC1BBF}.Debug|x64.ActiveCfg = Debug|x64
		{D37E7968-A489-4BCB-804C-3D3D2ADC1BBF}.Debug|x64.Build.0 = Debug|x64
		{D37E7968-A489-4BCB-804C-3D3D2ADC1BBF}.Debug|x86.ActiveCfg = Debug|Win32
		{D37E7968-A489-4BCB-804C-3D3D2ADC1BBF}.Debug|x86.Build.0 = Debug|Win32
		{D37E7968-A489-4BCB-804C-3D3D2ADC1BBF}.Release|x64.ActiveCfg = Release|x64
		{D37E7968-A489-4BCB-804C-3D3D2ADC1BBF}.Release|x64.Build.0 = Release|x64
		{D37E7968-A489-4BCB-804C-3D3D2ADC1BBF}.Release|x86.ActiveCfg = Release|Win32
		{D37E7968-A489-4BCB-804C-3D3D2ADC1BBF}.Release|x86.Build.0 = Release|Win32
		{35526073-DD3A-4871-B88B-30F387BDDD04}.Debug|x64.ActiveCfg = Debug|x64
		{35526073-DD3A-4871-B88B-30F387BDDD04}.Debug|x64.Build.0 = Debug|x64
		{35526073-DD3A-4871-B88B-30F387BDDD04}.Debug|x86.ActiveCfg = Debug|Win32
		{35526073-DD3A-4871-B88B-30F387BDDD04}.Debug|x86.Build.0 = Debug|Win32
		{35526073-DD3A-4871-B88B-30F387BDDD04}.Release|x64.ActiveCfg = Release|x64
		{35526073-DD3A-4871-B88B-30F387BDDD04}.Release|x64.Build.0 = Release|x64
		{35526073-DD3A-4871-B88B-30F387BDDD04}.Release|x86.ActiveCfg = Release|Win32
		{35526073-DD3A-4871-B88B-30F387BDDD04}.Release|x86.Build.0 = Release|Win32
		{2416C686-AA0F-4113-BCFB-76663A548666}.Debug|x64.ActiveCfg = Debug|x64
		{2416C686-AA0F-4113-BCFB-76663A548666}.Debug|x64.Build.0 = Debug|x64
		{2416C686-AA0F-4113-BCFB-76663A548666}.Debug|x86.ActiveCfg = Debug|Win32
		{2416C686-AA0F-4113-BCFB-76663A548666}.Debug|x86.Build.0 = Debug|Win32
		{2416C686-AA0F-4113-BCFB-76663A548666}.Release|x64.ActiveCfg = Release|x64
		{2416C686-AA0F-4113-BCFB-76663A548666}.Release|x64.Build.0 = Release|x64
		{2416C686-AA0F-4113-BCFB-76663A548666}.Release|x86.ActiveCfg = Release|Win32
		{2416C686-AA0F-4113-BCFB-76663A548666}.Release|x86.Build.0 = Release|Win32
		{6339790B-6548-4B63-A608-4CEB70B6EB7C}.Debug|x64.ActiveCfg = Debug|x64
		{6339790B-6548-4B63-A608-4CEB70B6EB7C}.Debug|x64.Build.0 = Debug|x64
		{6339790B-6548-4B63-A608-4CEB70B6EB7C}.Debug|x86.ActiveCfg = Debug|Win32
		{6339790B-6548-4B63-A608-4CEB70B6EB7C}.Debug|x86.Build.0 = Debug|Win32
		{6339790B-6548-4B63-A608-4CEB70B6EB7C}.Release|x64.ActiveCfg = Release|x64
		{6339790B-6548-4B63-A608-4CEB70B6EB7C}.Release|x64.Build.0 = Release|x64
		{6339790B-6548-4B63-A608-4CEB70B6EB7C}.Release|x86.ActiveCfg = Release|Win32
		{6339790B-6548-4B63-A608-4CEB70B6EB7C}.Release|x86.Build.0 = Release|Win32
		{18CE4422-62B0-4C4D-AA94-7977D9F7331B}.Debug|x64.ActiveCfg = Debug|x64
		{18CE4422-62B0-4C4D-AA94-7977D9F7331B}.Debug|x64.Build.0 = Debug|x64
		{18CE4422-62B0-4C4D-AA94-7977D9F7331B}.Debug|x86.ActiveCfg = Debug|Win32
		{18CE4422-62B0-4C4D-AA94-7977D9F7331B}.Debug|x86.Build.0 = Debug|Win32
		{18CE4422-62B0-4C4D-AA94-7977D9F7331B}.Release|x64.ActiveCfg = Release|x64
		{18CE4422-62B0-4C4D-AA94-7977D9F7331B}.Release|x64.Build.0 = Release|x64
		{18CE4422-62B0-4C4D-AA94-7977D9F7331B}.Release|x86.ActiveCfg = Release|Win32
		{18CE4422-62B0-4C4D-AA94-7977D9F7331B}.Release|x86.Build.0 = Release|Win32
	EndGlobalSection
	GlobalSection(SolutionProperties) = preSolution
		HideSolutionNode = FALSE
	EndGlobalSection
	GlobalSection(NestedProjects) = preSolution
		{D37E7968-A489-4BCB-804C-3D3D2ADC1BBF} = {1A8EDF18-8DE8-4BF4-B564-B0C9DDBF4550}
		{35526073-DD3A-4871-B88B-30F387BDDD04} = {E462CE86-4D86-4347-A177-863BADC485D2}
		{2416C686-AA0F-4113-BCFB-76663A548666} = {2D4E88B0-73FE-4E21-9D46-A41754300855}
		{6339790B-6548-4B63-A608-4CEB70B6EB7C} = {7DDEDA6C-3C1B-4DEE-890A-835A7DEA6497}
		{18CE4422-62B0-4C4D-AA94-7977D9F7331B} = {E462CE86-4D86-4347-A177-863BADC485D2}
	EndGlobalSection
	GlobalSection(ExtensibilityGlobals) = postSolution
		SolutionGuid = {4157D9FE-5AC1-464D-AC4B-AE85DB2E125C}
	EndGlobalSection
EndGlobal
