<?xml version="1.0" encoding="utf-8"?>
<Project ToolsVersion="4.0" xmlns="http://schemas.microsoft.com/developer/msbuild/2003">
  <ItemGroup>
    <Filter Include="PreCompile">
      <UniqueIdentifier>{c275936a-9628-46f0-ba71-e43ba6aaad30}</UniqueIdentifier>
    </Filter>
    <Filter Include="Core">
      <UniqueIdentifier>{ed68ba18-bbcb-4c7a-b813-1e22e2cc7a61}</UniqueIdentifier>
    </Filter>
    <Filter Include="Test">
      <UniqueIdentifier>{33c83817-a0e9-4a85-8277-950290f42c2a}</UniqueIdentifier>
    </Filter>
    <Filter Include="ContentsGlobal">
      <UniqueIdentifier>{69a828a1-0ef3-4e8d-bc9f-21ee9a6ed471}</UniqueIdentifier>
    </Filter>
    <Filter Include="Player">
      <UniqueIdentifier>{e23b27db-d87b-4b79-a9aa-00b1c43a6938}</UniqueIdentifier>
    </Filter>
    <Filter Include="Rebel">
      <UniqueIdentifier>{1e4a5693-0698-4897-a8cd-ac17461d6d2b}</UniqueIdentifier>
    </Filter>
    <Filter Include="Indicator">
      <UniqueIdentifier>{b26c7567-1026-46c5-b366-9bfc4edb1097}</UniqueIdentifier>
    </Filter>
    <Filter Include="Rebel\Arabian">
      <UniqueIdentifier>{5589f905-8bc1-4789-90e2-6580a7a1c810}</UniqueIdentifier>
    </Filter>
    <Filter Include="Rebel\Arabian\ArabianWeapon">
      <UniqueIdentifier>{537c1d21-6532-46b8-a872-bee04d1d8783}</UniqueIdentifier>
    </Filter>
    <Filter Include="Player\PlayerWeapon">
      <UniqueIdentifier>{731e46f8-23c3-4ed0-9e22-b7e0c9b2039f}</UniqueIdentifier>
    </Filter>
    <Filter Include="Mission">
      <UniqueIdentifier>{b14ac040-6ddb-442f-a4a2-081d85327ba0}</UniqueIdentifier>
    </Filter>
    <Filter Include="Mission\Background">
      <UniqueIdentifier>{cfd558e1-0973-404f-a2a8-ab0aaac86e14}</UniqueIdentifier>
    </Filter>
  </ItemGroup>
  <ItemGroup>
    <ClInclude Include="PreCompile.h">
      <Filter>PreCompile</Filter>
    </ClInclude>
    <ClInclude Include="ContentsCore.h">
      <Filter>Core</Filter>
    </ClInclude>
    <ClInclude Include="TestLevel.h">
      <Filter>Test</Filter>
    </ClInclude>
    <ClInclude Include="TestBackground.h">
      <Filter>Test</Filter>
    </ClInclude>
    <ClInclude Include="GlobalHeader.h">
      <Filter>ContentsGlobal</Filter>
    </ClInclude>
    <ClInclude Include="Indicator.h">
      <Filter>Indicator</Filter>
    </ClInclude>
    <ClInclude Include="IndicatorBase.h">
      <Filter>Indicator</Filter>
    </ClInclude>
    <ClInclude Include="PixelIndicator.h">
      <Filter>Indicator</Filter>
    </ClInclude>
    <ClInclude Include="Arabian.h">
      <Filter>Rebel\Arabian</Filter>
    </ClInclude>
    <ClInclude Include="Sword.h">
      <Filter>Rebel\Arabian\ArabianWeapon</Filter>
    </ClInclude>
    <ClInclude Include="Soldier.h">
      <Filter>Player</Filter>
    </ClInclude>
    <ClInclude Include="Soldier_Header.h">
      <Filter>Player</Filter>
    </ClInclude>
    <ClInclude Include="PistolBullet.h">
      <Filter>Player\PlayerWeapon</Filter>
    </ClInclude>
  </ItemGroup>
  <ItemGroup>
    <ClCompile Include="PreCompile.cpp">
      <Filter>PreCompile</Filter>
    </ClCompile>
    <ClCompile Include="ContentsCore.cpp">
      <Filter>Core</Filter>
    </ClCompile>
    <ClCompile Include="TestLevel.cpp">
      <Filter>Test</Filter>
    </ClCompile>
    <ClCompile Include="TestBackground.cpp">
      <Filter>Test</Filter>
    </ClCompile>
    <ClCompile Include="Indicator.cpp">
      <Filter>Indicator</Filter>
    </ClCompile>
    <ClCompile Include="IndicatorBase.cpp">
      <Filter>Indicator</Filter>
    </ClCompile>
    <ClCompile Include="PixelIndicator.cpp">
      <Filter>Indicator</Filter>
    </ClCompile>
    <ClCompile Include="Arabian_InitFunctions.cpp">
      <Filter>Rebel\Arabian</Filter>
    </ClCompile>
    <ClCompile Include="Arabian.cpp">
      <Filter>Rebel\Arabian</Filter>
    </ClCompile>
    <ClCompile Include="Sword.cpp">
      <Filter>Rebel\Arabian\ArabianWeapon</Filter>
    </ClCompile>
    <ClCompile Include="Soldier_InitFunctions.cpp">
      <Filter>Player</Filter>
    </ClCompile>
    <ClCompile Include="Soldier.cpp">
      <Filter>Player</Filter>
    </ClCompile>
    <ClCompile Include="PistolBullet.cpp">
      <Filter>Player\PlayerWeapon</Filter>
    </ClCompile>
  </ItemGroup>
</Project>