<?xml version="1.0" encoding="utf-8"?>
<Project ToolsVersion="4.0" xmlns="http://schemas.microsoft.com/developer/msbuild/2003">
  <ItemGroup>
    <Filter Include="PreCompile">
      <UniqueIdentifier>{c275936a-9628-46f0-ba71-e43ba6aaad30}</UniqueIdentifier>
    </Filter>
    <Filter Include="Core">
      <UniqueIdentifier>{ed68ba18-bbcb-4c7a-b813-1e22e2cc7a61}</UniqueIdentifier>
    </Filter>
    <Filter Include="Common">
      <UniqueIdentifier>{8d96ce6f-0a7a-4496-b4ab-a6800dee117f}</UniqueIdentifier>
    </Filter>
    <Filter Include="Test">
      <UniqueIdentifier>{33c83817-a0e9-4a85-8277-950290f42c2a}</UniqueIdentifier>
    </Filter>
  </ItemGroup>
  <ItemGroup>
    <ClInclude Include="PreCompile.h">
      <Filter>PreCompile</Filter>
    </ClInclude>
    <ClInclude Include="ContentsCore.h">
      <Filter>Core</Filter>
    </ClInclude>
    <ClInclude Include="TestLevel.h">
      <Filter>Test</Filter>
    </ClInclude>
    <ClInclude Include="TestPlayer.h">
      <Filter>Test</Filter>
    </ClInclude>
    <ClInclude Include="Enums.h">
      <Filter>Common</Filter>
    </ClInclude>
  </ItemGroup>
  <ItemGroup>
    <ClCompile Include="PreCompile.cpp">
      <Filter>PreCompile</Filter>
    </ClCompile>
    <ClCompile Include="ContentsCore.cpp">
      <Filter>Core</Filter>
    </ClCompile>
    <ClCompile Include="TestLevel.cpp">
      <Filter>Test</Filter>
    </ClCompile>
    <ClCompile Include="TestPlayer.cpp">
      <Filter>Test</Filter>
    </ClCompile>
  </ItemGroup>
</Project>