<?xml version="1.0" encoding="utf-8"?>
<Project ToolsVersion="4.0" xmlns="http://schemas.microsoft.com/developer/msbuild/2003">
  <ItemGroup>
    <Filter Include="PreCompile">
      <UniqueIdentifier>{c275936a-9628-46f0-ba71-e43ba6aaad30}</UniqueIdentifier>
    </Filter>
    <Filter Include="Core">
      <UniqueIdentifier>{ed68ba18-bbcb-4c7a-b813-1e22e2cc7a61}</UniqueIdentifier>
    </Filter>
    <Filter Include="Test">
      <UniqueIdentifier>{33c83817-a0e9-4a85-8277-950290f42c2a}</UniqueIdentifier>
    </Filter>
    <Filter Include="ContentsGlobal">
      <UniqueIdentifier>{69a828a1-0ef3-4e8d-bc9f-21ee9a6ed471}</UniqueIdentifier>
    </Filter>
  </ItemGroup>
  <ItemGroup>
    <ClInclude Include="PreCompile.h">
      <Filter>PreCompile</Filter>
    </ClInclude>
    <ClInclude Include="ContentsCore.h">
      <Filter>Core</Filter>
    </ClInclude>
    <ClInclude Include="TestLevel.h">
      <Filter>Test</Filter>
    </ClInclude>
    <ClInclude Include="TestPlayer.h">
      <Filter>Test</Filter>
    </ClInclude>
    <ClInclude Include="TestBackground.h">
      <Filter>Test</Filter>
    </ClInclude>
    <ClInclude Include="TestPlayer_Header.h">
      <Filter>Test</Filter>
    </ClInclude>
    <ClInclude Include="TestIndicator.h">
      <Filter>Test</Filter>
    </ClInclude>
    <ClInclude Include="TestIndicatorBase.h">
      <Filter>Test</Filter>
    </ClInclude>
    <ClInclude Include="TestPixelIndicator.h">
      <Filter>Test</Filter>
    </ClInclude>
    <ClInclude Include="TestPistolBullet.h">
      <Filter>Test</Filter>
    </ClInclude>
    <ClInclude Include="TestArabian.h">
      <Filter>Test</Filter>
    </ClInclude>
    <ClInclude Include="TestSword.h">
      <Filter>Test</Filter>
    </ClInclude>
    <ClInclude Include="GlobalHeader.h">
      <Filter>ContentsGlobal</Filter>
    </ClInclude>
  </ItemGroup>
  <ItemGroup>
    <ClCompile Include="PreCompile.cpp">
      <Filter>PreCompile</Filter>
    </ClCompile>
    <ClCompile Include="ContentsCore.cpp">
      <Filter>Core</Filter>
    </ClCompile>
    <ClCompile Include="TestLevel.cpp">
      <Filter>Test</Filter>
    </ClCompile>
    <ClCompile Include="TestPlayer.cpp">
      <Filter>Test</Filter>
    </ClCompile>
    <ClCompile Include="TestPlayer_InitFunctions.cpp">
      <Filter>Test</Filter>
    </ClCompile>
    <ClCompile Include="TestBackground.cpp">
      <Filter>Test</Filter>
    </ClCompile>
    <ClCompile Include="TestIndicator.cpp">
      <Filter>Test</Filter>
    </ClCompile>
    <ClCompile Include="TestIndicatorBase.cpp">
      <Filter>Test</Filter>
    </ClCompile>
    <ClCompile Include="TestPixelIndicator.cpp">
      <Filter>Test</Filter>
    </ClCompile>
    <ClCompile Include="TestPistolBullet.cpp">
      <Filter>Test</Filter>
    </ClCompile>
    <ClCompile Include="TestArabian.cpp">
      <Filter>Test</Filter>
    </ClCompile>
    <ClCompile Include="TestSword.cpp">
      <Filter>Test</Filter>
    </ClCompile>
    <ClCompile Include="TestArabian_InitFunctions.cpp">
      <Filter>Test</Filter>
    </ClCompile>
  </ItemGroup>
</Project>