<?xml version="1.0" encoding="utf-8"?>
<Project ToolsVersion="4.0" xmlns="http://schemas.microsoft.com/developer/msbuild/2003">
  <ItemGroup>
    <Filter Include="PreCompile">
      <UniqueIdentifier>{1950bc13-09cf-4dfa-aadf-381126a5b235}</UniqueIdentifier>
    </Filter>
    <Filter Include="ThirdParty">
      <UniqueIdentifier>{d0cfe765-ab5c-46aa-8f0a-ef1687ab7e5b}</UniqueIdentifier>
    </Filter>
    <Filter Include="ThirdParty\DirectXTex">
      <UniqueIdentifier>{f3da504a-e92f-41ed-a402-ce73cbf4f9a8}</UniqueIdentifier>
    </Filter>
    <Filter Include="ThirdParty\DirectXTex\Inc%28Header%29">
      <UniqueIdentifier>{b4b4fadc-ca1f-4e13-877d-a9fe02f24425}</UniqueIdentifier>
    </Filter>
    <Filter Include="ThirdParty\DirectXTex\Bin%28Library%29">
      <UniqueIdentifier>{784854ad-763d-4ad6-9cb2-e494a72e5987}</UniqueIdentifier>
    </Filter>
    <Filter Include="ThirdParty\DirectXTex\Bin%28Library%29\Debug">
      <UniqueIdentifier>{2f16b4a2-2951-424b-a9bd-af679cfc821b}</UniqueIdentifier>
    </Filter>
    <Filter Include="ThirdParty\DirectXTex\Bin%28Library%29\Release">
      <UniqueIdentifier>{d69c879b-1669-435a-ae57-f013d3416ed5}</UniqueIdentifier>
    </Filter>
    <Filter Include="Core">
      <UniqueIdentifier>{a49edb62-c7a9-4da1-8fd0-74555ad35e3d}</UniqueIdentifier>
    </Filter>
    <Filter Include="Object">
      <UniqueIdentifier>{35299465-ce95-4c30-9f6e-ca0dcba92b10}</UniqueIdentifier>
    </Filter>
    <Filter Include="Object\Component">
      <UniqueIdentifier>{c8ff1616-9633-464c-b65d-ce100a55cf47}</UniqueIdentifier>
    </Filter>
    <Filter Include="Contents">
      <UniqueIdentifier>{45d82ce7-eccc-4159-833f-2ecaabffae4a}</UniqueIdentifier>
    </Filter>
    <Filter Include="GUI">
      <UniqueIdentifier>{810a654a-2ddb-4d45-86ff-b60af9255e68}</UniqueIdentifier>
    </Filter>
    <Filter Include="GUI\EngineGUI">
      <UniqueIdentifier>{4f2fd389-1b16-4888-b86e-11df2ce44f4b}</UniqueIdentifier>
    </Filter>
    <Filter Include="GUI\ImGUI">
      <UniqueIdentifier>{cdc92e3d-e539-46ab-82e1-bb193cad3dcc}</UniqueIdentifier>
    </Filter>
    <Filter Include="Device">
      <UniqueIdentifier>{2d8afee1-07ca-422b-9755-cca065014fbc}</UniqueIdentifier>
    </Filter>
    <Filter Include="Object\Rendering">
      <UniqueIdentifier>{470740e8-875e-4dcc-9567-7040502a4de1}</UniqueIdentifier>
    </Filter>
    <Filter Include="Object\Rendering\Contents">
      <UniqueIdentifier>{a62b23e4-38f4-4a81-a820-72c737d88126}</UniqueIdentifier>
    </Filter>
    <Filter Include="Resource">
      <UniqueIdentifier>{29f0ab76-ce54-4742-8ff9-84e46478988d}</UniqueIdentifier>
    </Filter>
    <Filter Include="Resource\InputAssembler">
      <UniqueIdentifier>{c9c16116-d1a0-4a37-aa80-c26d0d6ecd0a}</UniqueIdentifier>
    </Filter>
    <Filter Include="Resource\OutputMerger">
      <UniqueIdentifier>{98119a37-e196-401e-81bd-e2a180113633}</UniqueIdentifier>
    </Filter>
    <Filter Include="Resource\Rasterizer">
      <UniqueIdentifier>{de0bbbf0-f9e3-4204-b7ef-1ce614f2ce95}</UniqueIdentifier>
    </Filter>
    <Filter Include="Resource\Shader">
      <UniqueIdentifier>{c1ab8ea1-5f3d-4134-9c8b-5acab33b0168}</UniqueIdentifier>
    </Filter>
    <Filter Include="Resource\ShaderResource">
      <UniqueIdentifier>{74e9b187-0032-48ae-b882-5a056c2b52ab}</UniqueIdentifier>
    </Filter>
    <Filter Include="Resource\Texture">
      <UniqueIdentifier>{a9f03bc7-c690-49e1-bb70-58fbdf645a09}</UniqueIdentifier>
    </Filter>
    <Filter Include="ThirdParty\FW1FontWrapper">
      <UniqueIdentifier>{e30fabbf-30d5-48db-961b-c41329ee6c38}</UniqueIdentifier>
    </Filter>
    <Filter Include="ThirdParty\FW1FontWrapper\Inc%28Header%29">
      <UniqueIdentifier>{1dbce513-e204-4d05-aa08-28a81c6f4596}</UniqueIdentifier>
    </Filter>
    <Filter Include="ThirdParty\FW1FontWrapper\Bin%28Library%29">
      <UniqueIdentifier>{e5c28ee2-f0aa-440e-8e22-da8670f48357}</UniqueIdentifier>
    </Filter>
    <Filter Include="ThirdParty\FW1FontWrapper\Bin%28Library%29\Debug">
      <UniqueIdentifier>{aef9b385-9e31-41ea-baa7-30b14363acf3}</UniqueIdentifier>
    </Filter>
    <Filter Include="ThirdParty\FW1FontWrapper\Bin%28Library%29\Release">
      <UniqueIdentifier>{d400f0b4-88c9-481f-8b6d-16bb4d0b09d7}</UniqueIdentifier>
    </Filter>
    <Filter Include="Resource\Font">
      <UniqueIdentifier>{a80a276b-2d17-4421-b261-ee0c098bbf96}</UniqueIdentifier>
    </Filter>
    <Filter Include="Object\Collision">
      <UniqueIdentifier>{f3e87f9b-31f5-4c00-b774-b5208e0369e0}</UniqueIdentifier>
    </Filter>
    <Filter Include="Debug">
      <UniqueIdentifier>{411a0449-8112-47a0-bc0b-944f75cd0b99}</UniqueIdentifier>
    </Filter>
    <Filter Include="GUI\PortableFileDialogs">
      <UniqueIdentifier>{b55780f9-cd17-42c4-92d7-8235010d3843}</UniqueIdentifier>
    </Filter>
  </ItemGroup>
  <ItemGroup>
    <ClInclude Include="PreCompile.h">
      <Filter>PreCompile</Filter>
    </ClInclude>
    <ClInclude Include="ThirdParty\DirectXTex\Include\DirectXTex.h">
      <Filter>ThirdParty\DirectXTex\Inc%28Header%29</Filter>
    </ClInclude>
    <ClInclude Include="GameEngineCore.h">
      <Filter>Core</Filter>
    </ClInclude>
    <ClInclude Include="GameEngineLevel.h">
      <Filter>Object</Filter>
    </ClInclude>
    <ClInclude Include="GameEngineActor.h">
      <Filter>Object</Filter>
    </ClInclude>
    <ClInclude Include="GameEngineTransformBase.h">
      <Filter>Object\Component</Filter>
    </ClInclude>
    <ClInclude Include="GameEngineComponent.h">
      <Filter>Object\Component</Filter>
    </ClInclude>
    <ClInclude Include="GameEngineTransformComponent.h">
      <Filter>Object\Component</Filter>
    </ClInclude>
    <ClInclude Include="GameEngineStateManager.h">
      <Filter>Contents</Filter>
    </ClInclude>
    <ClInclude Include="imgui_impl_dx11.h">
      <Filter>GUI\ImGUI</Filter>
    </ClInclude>
    <ClInclude Include="imgui_impl_win32.h">
      <Filter>GUI\ImGUI</Filter>
    </ClInclude>
    <ClInclude Include="imgui_internal.h">
      <Filter>GUI\ImGUI</Filter>
    </ClInclude>
    <ClInclude Include="imstb_rectpack.h">
      <Filter>GUI\ImGUI</Filter>
    </ClInclude>
    <ClInclude Include="imstb_textedit.h">
      <Filter>GUI\ImGUI</Filter>
    </ClInclude>
    <ClInclude Include="imstb_truetype.h">
      <Filter>GUI\ImGUI</Filter>
    </ClInclude>
    <ClInclude Include="imconfig.h">
      <Filter>GUI\ImGUI</Filter>
    </ClInclude>
    <ClInclude Include="imgui.h">
      <Filter>GUI\ImGUI</Filter>
    </ClInclude>
    <ClInclude Include="GameEngineGUI.h">
      <Filter>GUI</Filter>
    </ClInclude>
    <ClInclude Include="GameEngineStatusWindow.h">
      <Filter>GUI\EngineGUI</Filter>
    </ClInclude>
    <ClInclude Include="GameEngineDevice.h">
      <Filter>Device</Filter>
    </ClInclude>
    <ClInclude Include="GameEngineRenderingPipeLine.h">
      <Filter>Resource</Filter>
    </ClInclude>
    <ClInclude Include="GameEngineRes.h">
      <Filter>Resource</Filter>
    </ClInclude>
    <ClInclude Include="GameEngineTexture.h">
      <Filter>Resource\Texture</Filter>
    </ClInclude>
    <ClInclude Include="GameEngineRenderTarget.h">
      <Filter>Resource\OutputMerger</Filter>
    </ClInclude>
    <ClInclude Include="GameEngineVertexBuffer.h">
      <Filter>Resource\InputAssembler</Filter>
    </ClInclude>
    <ClInclude Include="GameEngineInputLayout.h">
      <Filter>Resource\InputAssembler</Filter>
    </ClInclude>
    <ClInclude Include="GameEngineVertexes.h">
      <Filter>Resource\InputAssembler</Filter>
    </ClInclude>
    <ClInclude Include="GameEngineIndexBuffer.h">
      <Filter>Resource\InputAssembler</Filter>
    </ClInclude>
    <ClInclude Include="GameEngineShader.h">
      <Filter>Resource\Shader</Filter>
    </ClInclude>
    <ClInclude Include="GameEngineVertexShader.h">
      <Filter>Resource\Shader</Filter>
    </ClInclude>
    <ClInclude Include="GameEngineRasterizer.h">
      <Filter>Resource\Rasterizer</Filter>
    </ClInclude>
    <ClInclude Include="GameEnginePixelShader.h">
      <Filter>Resource\Shader</Filter>
    </ClInclude>
    <ClInclude Include="GameEngineConstantBuffer.h">
      <Filter>Resource\ShaderResource</Filter>
    </ClInclude>
    <ClInclude Include="GameEngineSampler.h">
      <Filter>Resource\Texture</Filter>
    </ClInclude>
    <ClInclude Include="GameEngineBlend.h">
      <Filter>Resource\OutputMerger</Filter>
    </ClInclude>
    <ClInclude Include="GameEngineDepthStencil.h">
      <Filter>Resource\OutputMerger</Filter>
    </ClInclude>
    <ClInclude Include="GameEngineDepthStencilTexture.h">
      <Filter>Resource\OutputMerger</Filter>
    </ClInclude>
    <ClInclude Include="GameEngineFolderTexture.h">
      <Filter>Resource\Texture</Filter>
    </ClInclude>
    <ClInclude Include="GameEngineShaderResourceHelper.h">
      <Filter>Object\Rendering</Filter>
    </ClInclude>
    <ClInclude Include="GameEngineRenderer.h">
      <Filter>Object\Rendering</Filter>
    </ClInclude>
    <ClInclude Include="GameEngineCamera.h">
      <Filter>Object\Rendering</Filter>
    </ClInclude>
    <ClInclude Include="GameEngineCameraActor.h">
      <Filter>Object\Rendering</Filter>
    </ClInclude>
    <ClInclude Include="GameEngineDefaultRenderer.h">
      <Filter>Object\Rendering</Filter>
    </ClInclude>
    <ClInclude Include="GameEngineTextureRenderer.h">
      <Filter>Object\Rendering\Contents</Filter>
    </ClInclude>
    <ClInclude Include="GameEngineUIRenderer.h">
      <Filter>Object\Rendering\Contents</Filter>
    </ClInclude>
    <ClInclude Include="GEngine.h" />
    <ClInclude Include="CoreMinimal.h" />
    <ClInclude Include="GameEngineFontRenderer.h">
      <Filter>Object\Rendering\Contents</Filter>
    </ClInclude>
    <ClInclude Include="GameEngineFont.h">
      <Filter>Resource\Font</Filter>
    </ClInclude>
    <ClInclude Include="ThirdParty\FW1FontWrapper\Include\FW1FontWrapper.h">
      <Filter>ThirdParty\FW1FontWrapper\Inc%28Header%29</Filter>
    </ClInclude>
    <ClInclude Include="GameEngineCollision.h">
      <Filter>Object\Collision</Filter>
    </ClInclude>
    <ClInclude Include="GameEngineCoreDebug.h">
      <Filter>Debug</Filter>
    </ClInclude>
    <ClInclude Include="portable-file-dialogs.h">
      <Filter>GUI\PortableFileDialogs</Filter>
    </ClInclude>
    <ClInclude Include="GameEngineUpdateObject.h">
      <Filter>Object</Filter>
    </ClInclude>
  </ItemGroup>
  <ItemGroup>
    <ClCompile Include="PreCompile.cpp">
      <Filter>PreCompile</Filter>
    </ClCompile>
    <ClCompile Include="GameEngineCore.cpp">
      <Filter>Core</Filter>
    </ClCompile>
    <ClCompile Include="GameEngineLevel.cpp">
      <Filter>Object</Filter>
    </ClCompile>
    <ClCompile Include="GameEngineActor.cpp">
      <Filter>Object</Filter>
    </ClCompile>
    <ClCompile Include="GameEngineCore_Resource.cpp">
      <Filter>Core</Filter>
    </ClCompile>
    <ClCompile Include="GameEngineTransformBase.cpp">
      <Filter>Object\Component</Filter>
    </ClCompile>
    <ClCompile Include="GameEngineComponent.cpp">
      <Filter>Object\Component</Filter>
    </ClCompile>
    <ClCompile Include="GameEngineTransformComponent.cpp">
      <Filter>Object\Component</Filter>
    </ClCompile>
    <ClCompile Include="GameEngineStateManager.cpp">
      <Filter>Contents</Filter>
    </ClCompile>
    <ClCompile Include="imgui_impl_dx11.cpp">
      <Filter>GUI\ImGUI</Filter>
    </ClCompile>
    <ClCompile Include="imgui_impl_win32.cpp">
      <Filter>GUI\ImGUI</Filter>
    </ClCompile>
    <ClCompile Include="imgui_tables.cpp">
      <Filter>GUI\ImGUI</Filter>
    </ClCompile>
    <ClCompile Include="imgui_widgets.cpp">
      <Filter>GUI\ImGUI</Filter>
    </ClCompile>
    <ClCompile Include="imgui.cpp">
      <Filter>GUI\ImGUI</Filter>
    </ClCompile>
    <ClCompile Include="imgui_draw.cpp">
      <Filter>GUI\ImGUI</Filter>
    </ClCompile>
    <ClCompile Include="GameEngineGUI.cpp">
      <Filter>GUI</Filter>
    </ClCompile>
    <ClCompile Include="GameEngineStatusWindow.cpp">
      <Filter>GUI\EngineGUI</Filter>
    </ClCompile>
    <ClCompile Include="GameEngineDevice.cpp">
      <Filter>Device</Filter>
    </ClCompile>
    <ClCompile Include="GameEngineRenderingPipeLine.cpp">
      <Filter>Resource</Filter>
    </ClCompile>
    <ClCompile Include="GameEngineRes.cpp">
      <Filter>Resource</Filter>
    </ClCompile>
    <ClCompile Include="GameEngineTexture.cpp">
      <Filter>Resource\Texture</Filter>
    </ClCompile>
    <ClCompile Include="GameEngineRenderTarget.cpp">
      <Filter>Resource\OutputMerger</Filter>
    </ClCompile>
    <ClCompile Include="GameEngineVertexBuffer.cpp">
      <Filter>Resource\InputAssembler</Filter>
    </ClCompile>
    <ClCompile Include="GameEngineInputLayout.cpp">
      <Filter>Resource\InputAssembler</Filter>
    </ClCompile>
    <ClCompile Include="GameEngineVertexes.cpp">
      <Filter>Resource\InputAssembler</Filter>
    </ClCompile>
    <ClCompile Include="GameEngineIndexBuffer.cpp">
      <Filter>Resource\InputAssembler</Filter>
    </ClCompile>
    <ClCompile Include="GameEngineShader.cpp">
      <Filter>Resource\Shader</Filter>
    </ClCompile>
    <ClCompile Include="GameEngineVertexShader.cpp">
      <Filter>Resource\Shader</Filter>
    </ClCompile>
    <ClCompile Include="GameEngineRasterizer.cpp">
      <Filter>Resource\Rasterizer</Filter>
    </ClCompile>
    <ClCompile Include="GameEnginePixelShader.cpp">
      <Filter>Resource\Shader</Filter>
    </ClCompile>
    <ClCompile Include="GameEngineConstantBuffer.cpp">
      <Filter>Resource\ShaderResource</Filter>
    </ClCompile>
    <ClCompile Include="GameEngineSampler.cpp">
      <Filter>Resource\Texture</Filter>
    </ClCompile>
    <ClCompile Include="GameEngineBlend.cpp">
      <Filter>Resource\OutputMerger</Filter>
    </ClCompile>
    <ClCompile Include="GameEngineDepthStencil.cpp">
      <Filter>Resource\OutputMerger</Filter>
    </ClCompile>
    <ClCompile Include="GameEngineDepthStencilTexture.cpp">
      <Filter>Resource\OutputMerger</Filter>
    </ClCompile>
    <ClCompile Include="GameEngineFolderTexture.cpp">
      <Filter>Resource\Texture</Filter>
    </ClCompile>
    <ClCompile Include="GameEngineShaderResourceHelper.cpp">
      <Filter>Object\Rendering</Filter>
    </ClCompile>
    <ClCompile Include="GameEngineRenderer.cpp">
      <Filter>Object\Rendering</Filter>
    </ClCompile>
    <ClCompile Include="GameEngineCamera.cpp">
      <Filter>Object\Rendering</Filter>
    </ClCompile>
    <ClCompile Include="GameEngineCameraActor.cpp">
      <Filter>Object\Rendering</Filter>
    </ClCompile>
    <ClCompile Include="GameEngineDefaultRenderer.cpp">
      <Filter>Object\Rendering</Filter>
    </ClCompile>
    <ClCompile Include="GameEngineTextureRenderer.cpp">
      <Filter>Object\Rendering\Contents</Filter>
    </ClCompile>
    <ClCompile Include="GameEngineUIRenderer.cpp">
      <Filter>Object\Rendering\Contents</Filter>
    </ClCompile>
    <ClCompile Include="GEngine.cpp" />
    <ClCompile Include="GameEngineFontRenderer.cpp">
      <Filter>Object\Rendering\Contents</Filter>
    </ClCompile>
    <ClCompile Include="GameEngineFont.cpp">
      <Filter>Resource\Font</Filter>
    </ClCompile>
    <ClCompile Include="GameEngineCollision.cpp">
      <Filter>Object\Collision</Filter>
    </ClCompile>
    <ClCompile Include="GameEngineCoreDebug.cpp">
      <Filter>Debug</Filter>
    </ClCompile>
    <ClCompile Include="GameEngineUpdateObject.cpp">
      <Filter>Object</Filter>
    </ClCompile>
  </ItemGroup>
  <ItemGroup>
    <None Include="ThirdParty\DirectXTex\Include\DirectXTex.inl">
      <Filter>ThirdParty\DirectXTex\Inc%28Header%29</Filter>
    </None>
  </ItemGroup>
  <ItemGroup>
    <CopyFileToFolders Include="ThirdParty\DirectXTex\Bin\Debug\DirectXTex.lib">
      <Filter>ThirdParty\DirectXTex\Bin%28Library%29\Debug</Filter>
    </CopyFileToFolders>
    <CopyFileToFolders Include="ThirdParty\DirectXTex\Bin\Release\DirectXTex.lib">
      <Filter>ThirdParty\DirectXTex\Bin%28Library%29\Release</Filter>
    </CopyFileToFolders>
    <CopyFileToFolders Include="ThirdParty\DirectXTex\Bin\Release\DirectXTex.pdb">
      <Filter>ThirdParty\DirectXTex\Bin%28Library%29\Release</Filter>
    </CopyFileToFolders>
    <CopyFileToFolders Include="ThirdParty\DirectXTex\Bin\Debug\DirectXTex.pdb">
      <Filter>ThirdParty\DirectXTex\Bin%28Library%29\Debug</Filter>
    </CopyFileToFolders>
    <CopyFileToFolders Include="ThirdParty\FW1FontWrapper\Bin\Release\FW1FontWrapper.dll">
      <Filter>ThirdParty\FW1FontWrapper\Bin%28Library%29\Release</Filter>
    </CopyFileToFolders>
    <CopyFileToFolders Include="ThirdParty\FW1FontWrapper\Bin\Release\FW1FontWrapper.lib">
      <Filter>ThirdParty\FW1FontWrapper\Bin%28Library%29\Release</Filter>
    </CopyFileToFolders>
    <CopyFileToFolders Include="ThirdParty\FW1FontWrapper\Bin\Debug\FW1FontWrapper.dll">
      <Filter>ThirdParty\FW1FontWrapper\Bin%28Library%29\Debug</Filter>
    </CopyFileToFolders>
    <CopyFileToFolders Include="ThirdParty\FW1FontWrapper\Bin\Debug\FW1FontWrapper.lib">
      <Filter>ThirdParty\FW1FontWrapper\Bin%28Library%29\Debug</Filter>
    </CopyFileToFolders>
  </ItemGroup>
</Project>